{
  "requires": true,
  "lockfileVersion": 1,
  "dependencies": {
    "@fullcalendar/common": {
      "version": "5.3.0",
      "resolved": "https://registry.npmjs.org/@fullcalendar/common/-/common-5.3.0.tgz",
      "integrity": "sha512-TYWV2hx9tKNWjRWX8Im3nyikXMekpPBurqxM6jRxEdKzfhzKEHlJEyBi8Buz8Xg4Qyg2KkjuWwq2+ImGg0hcOw==",
      "requires": {
        "tslib": "^2.0.0"
      }
    },
    "@fullcalendar/core": {
      "version": "5.3.0",
      "resolved": "https://registry.npmjs.org/@fullcalendar/core/-/core-5.3.0.tgz",
      "integrity": "sha512-blA6r4dFKRyFxB3tiG8eeF2kl75rep8aavYZGpALGZEfPLf/T3xqPf4ulgYZ5bojsUXS9FQM0NqFM9jD/XSnOg==",
      "requires": {
        "@fullcalendar/common": "~5.3.0",
        "preact": "^10.0.5",
        "tslib": "^2.0.0"
      }
    },
    "@fullcalendar/daygrid": {
      "version": "5.3.0",
      "resolved": "https://registry.npmjs.org/@fullcalendar/daygrid/-/daygrid-5.3.0.tgz",
      "integrity": "sha512-YDE7Pnxf+jkkQjogYPEgHDn4mahgUl2eNJRSytQOBJDVrsWcR/nAXI0PhsWHKi86BZVviEiEjzuLv+e4jeIVCg==",
      "requires": {
        "@fullcalendar/common": "~5.3.0",
        "tslib": "^2.0.0"
      }
    },
    "@fullcalendar/premium-common": {
      "version": "5.3.0",
      "resolved": "https://registry.npmjs.org/@fullcalendar/premium-common/-/premium-common-5.3.0.tgz",
      "integrity": "sha512-GsRfn84Z/Ql2gb5R7rfXNuO1c5Gd4rSTIupqv/Q9Tbd3WSRQQaGrqvsMAqGEE02IGG2yVsNn7lOCIKvGb+9HLA==",
      "requires": {
        "@fullcalendar/common": "~5.3.0",
        "tslib": "^2.0.0"
      }
    },
    "@fullcalendar/resource-common": {
      "version": "5.3.0",
      "resolved": "https://registry.npmjs.org/@fullcalendar/resource-common/-/resource-common-5.3.0.tgz",
      "integrity": "sha512-55w1JG3J3Vd4tQhNXyJRfgK/dCRhskGBdiWTlc7IzvSpTOK+1Fo18d0G47u3napwX+AGqTLlT6f60DcryvG5wg==",
      "requires": {
        "@fullcalendar/common": "~5.3.0",
        "@fullcalendar/premium-common": "~5.3.0",
        "tslib": "^2.0.0"
      }
    },
    "@fullcalendar/resource-daygrid": {
      "version": "5.3.0",
      "resolved": "https://registry.npmjs.org/@fullcalendar/resource-daygrid/-/resource-daygrid-5.3.0.tgz",
      "integrity": "sha512-6EyPda2wR2BV4zgpPs57Crr75BQ5Vwy4s205toZLSyxAU3VU1j4Oy2felig05cdmm+qcxsqqDWliZNUMxmVhZQ==",
      "requires": {
        "@fullcalendar/common": "~5.3.0",
        "@fullcalendar/daygrid": "~5.3.0",
        "@fullcalendar/premium-common": "~5.3.0",
        "@fullcalendar/resource-common": "~5.3.0",
        "tslib": "^2.0.0"
      }
    },
    "@fullcalendar/resource-timegrid": {
      "version": "5.3.0",
      "resolved": "https://registry.npmjs.org/@fullcalendar/resource-timegrid/-/resource-timegrid-5.3.0.tgz",
      "integrity": "sha512-Av61nOaCQ/J0yfHwmyOBZtJ32JCuRSNQuZyjnkVJheORNledAMsUwdNKyTm60Te2Cv3VReB7zlhMgXfwYsQozw==",
      "requires": {
        "@fullcalendar/common": "~5.3.0",
        "@fullcalendar/premium-common": "~5.3.0",
        "@fullcalendar/resource-common": "~5.3.0",
        "@fullcalendar/resource-daygrid": "~5.3.0",
        "@fullcalendar/timegrid": "~5.3.0",
        "tslib": "^2.0.0"
      }
    },
    "@fullcalendar/resource-timeline": {
      "version": "5.3.0",
      "resolved": "https://registry.npmjs.org/@fullcalendar/resource-timeline/-/resource-timeline-5.3.0.tgz",
      "integrity": "sha512-m0OtIMy6joiXZdNqobi7YGfkQ1mEEgVbpWbKb0DPUfupKX/jwD33nFHhn7Mt/yjPNvyRdbHFL6mfqQDG9JdHfg==",
      "requires": {
        "@fullcalendar/common": "~5.3.0",
        "@fullcalendar/premium-common": "~5.3.0",
        "@fullcalendar/resource-common": "~5.3.0",
        "@fullcalendar/scrollgrid": "~5.3.0",
        "@fullcalendar/timeline": "~5.3.0",
        "tslib": "^2.0.0"
      }
    },
    "@fullcalendar/scrollgrid": {
      "version": "5.3.0",
      "resolved": "https://registry.npmjs.org/@fullcalendar/scrollgrid/-/scrollgrid-5.3.0.tgz",
      "integrity": "sha512-lzHFKfJ7/R7oBx1MWV91z2UsHuRpKIidDLhPmMvJLRtb3Qcf2YW6qYYfxMlLn0+5Ul0hly79pWry7PcoSp7p3w==",
      "requires": {
        "@fullcalendar/common": "~5.3.0",
        "@fullcalendar/premium-common": "~5.3.0",
        "tslib": "^2.0.0"
      }
    },
    "@fullcalendar/timegrid": {
      "version": "5.3.0",
      "resolved": "https://registry.npmjs.org/@fullcalendar/timegrid/-/timegrid-5.3.0.tgz",
      "integrity": "sha512-bdlqDcN7A+gRhjOqiKyd++TbMclfea2ipGks5pxUyZj5QAiRiQ6XvA5V8ktouN3dBc03UZ5pkIAvXuEgbFmYMw==",
      "requires": {
        "@fullcalendar/common": "~5.3.0",
        "@fullcalendar/daygrid": "~5.3.0",
        "tslib": "^2.0.0"
      }
    },
    "@fullcalendar/timeline": {
      "version": "5.3.0",
      "resolved": "https://registry.npmjs.org/@fullcalendar/timeline/-/timeline-5.3.0.tgz",
      "integrity": "sha512-6/FeU6+2qeMiVCPya+R59oZE6hOWzgysbxn0nHqB/O85cQhmVTcp741A+YU9m9mXMktsw5dRULDnnsBGlREGHg==",
      "requires": {
        "@fullcalendar/common": "~5.3.0",
        "@fullcalendar/premium-common": "~5.3.0",
        "@fullcalendar/scrollgrid": "~5.3.0",
        "tslib": "^2.0.0"
      }
    },
    "preact": {
      "version": "10.4.7",
      "resolved": "https://registry.npmjs.org/preact/-/preact-10.4.7.tgz",
      "integrity": "sha512-DtnnPbOm7oxW7Sxf5Co+KSIOxo7bGm0vLfJN/wGey7G2sAGKnGP5+bFyE2YIgutMISQl6xFVTsOd6l/Au88VVw=="
    },
    "tslib": {
      "version": "2.0.1",
      "resolved": "https://registry.npmjs.org/tslib/-/tslib-2.0.1.tgz",
      "integrity": "sha512-SgIkNheinmEBgx1IUNirK0TUD4X9yjjBRTqqjggWCU3pUEqIk3/Uwl3yRixYKT6WjQuGiwDv4NomL3wqRCj+CQ=="
    }
  }
}
